
Microsoft Visual Studio Solution File, Format Version 12.00
# Visual Studio Version 17
VisualStudioVersion = 17.2.32505.173
MinimumVisualStudioVersion = 10.0.40219.1
Project("{9A19103F-16F7-4668-BE54-9A1E7A4F7556}") = "Vivastreet", "Vivastreet\Vivastreet.csproj", "{ED91824F-9467-4B15-9501-B5CBAB9375A1}"
EndProject
Project("{9A19103F-16F7-4668-BE54-9A1E7A4F7556}") = "Vivastreet_Utility", "Vivastreet_Utility\Vivastreet_Utility.csproj", "{4BDF944D-F9AC-4E57-AADB-C72F6AD7E8AE}"
EndProject
Project("{9A19103F-16F7-4668-BE54-9A1E7A4F7556}") = "Vivastreet_Models", "Vivastreet_Models\Vivastreet_Models.csproj", "{146C6F86-CB61-4823-B636-E22211AA29EC}"
EndProject
Project("{FAE04EC0-301F-11D3-BF4B-00C04F79EFBC}") = "Vivastreet_DataAccess", "Vivastreet_Data_Access\Vivastreet_DataAccess.csproj", "{1BF5DD5B-6E46-4D17-8C49-176521238B4D}"
EndProject
Global
	GlobalSection(SolutionConfigurationPlatforms) = preSolution
		Debug|Any CPU = Debug|Any CPU
		Release|Any CPU = Release|Any CPU
	EndGlobalSection
	GlobalSection(ProjectConfigurationPlatforms) = postSolution
		{ED91824F-9467-4B15-9501-B5CBAB9375A1}.Debug|Any CPU.ActiveCfg = Release|Any CPU
		{ED91824F-9467-4B15-9501-B5CBAB9375A1}.Debug|Any CPU.Build.0 = Release|Any CPU
		{ED91824F-9467-4B15-9501-B5CBAB9375A1}.Release|Any CPU.ActiveCfg = Release|Any CPU
		{ED91824F-9467-4B15-9501-B5CBAB9375A1}.Release|Any CPU.Build.0 = Release|Any CPU
		{4BDF944D-F9AC-4E57-AADB-C72F6AD7E8AE}.Debug|Any CPU.ActiveCfg = Release|Any CPU
		{4BDF944D-F9AC-4E57-AADB-C72F6AD7E8AE}.Debug|Any CPU.Build.0 = Release|Any CPU
		{4BDF944D-F9AC-4E57-AADB-C72F6AD7E8AE}.Release|Any CPU.ActiveCfg = Release|Any CPU
		{4BDF944D-F9AC-4E57-AADB-C72F6AD7E8AE}.Release|Any CPU.Build.0 = Release|Any CPU
		{146C6F86-CB61-4823-B636-E22211AA29EC}.Debug|Any CPU.ActiveCfg = Release|Any CPU
		{146C6F86-CB61-4823-B636-E22211AA29EC}.Debug|Any CPU.Build.0 = Release|Any CPU
		{146C6F86-CB61-4823-B636-E22211AA29EC}.Release|Any CPU.ActiveCfg = Release|Any CPU
		{146C6F86-CB61-4823-B636-E22211AA29EC}.Release|Any CPU.Build.0 = Release|Any CPU
		{1BF5DD5B-6E46-4D17-8C49-176521238B4D}.Debug|Any CPU.ActiveCfg = Release|Any CPU
		{1BF5DD5B-6E46-4D17-8C49-176521238B4D}.Debug|Any CPU.Build.0 = Release|Any CPU
		{1BF5DD5B-6E46-4D17-8C49-176521238B4D}.Release|Any CPU.ActiveCfg = Release|Any CPU
		{1BF5DD5B-6E46-4D17-8C49-176521238B4D}.Release|Any CPU.Build.0 = Release|Any CPU
	EndGlobalSection
	GlobalSection(SolutionProperties) = preSolution
		HideSolutionNode = FALSE
	EndGlobalSection
	GlobalSection(ExtensibilityGlobals) = postSolution
		SolutionGuid = {666D96BE-8657-423C-BBFA-5101755ECA76}
	EndGlobalSection
EndGlobal
